
Microsoft Visual Studio Solution File, Format Version 11.00
# Visual Studio 2010
Project("{2150E333-8FDC-42A3-9474-1A3956D46DE8}") = "Core", "Core", "{58A14B3B-E89A-452B-B9F5-554E94875A16}"
EndProject
Project("{2150E333-8FDC-42A3-9474-1A3956D46DE8}") = "Platform", "Platform", "{8BF8CB32-5A73-4FEF-80FC-1DB2E149A1D3}"
EndProject
Project("{FAE04EC0-301F-11D3-BF4B-00C04F79EFBC}") = "Mobile.Widgets.iOS", "Platform\Mobile.Widgets.iOS\Mobile.Widgets.iOS.csproj", "{FB28072F-9864-4634-BC36-916C67920742}"
EndProject
Project("{2150E333-8FDC-42A3-9474-1A3956D46DE8}") = "Playground", "Playground", "{392FC7B6-5856-45A6-839B-1F1823671745}"
EndProject
Project("{FAE04EC0-301F-11D3-BF4B-00C04F79EFBC}") = "Sample.iOS", "Playground\Sample.iOS\Sample.iOS.csproj", "{B799EDF0-DC1F-409F-B153-2773D0925E63}"
EndProject
Global
	GlobalSection(SolutionConfigurationPlatforms) = preSolution
		Debug|Any CPU = Debug|Any CPU
		Release|Any CPU = Release|Any CPU
		Debug|iPhoneSimulator = Debug|iPhoneSimulator
		Release|iPhoneSimulator = Release|iPhoneSimulator
		Debug|iPhone = Debug|iPhone
		Release|iPhone = Release|iPhone
		Ad-Hoc|iPhone = Ad-Hoc|iPhone
		AppStore|iPhone = AppStore|iPhone
	EndGlobalSection
	GlobalSection(ProjectConfigurationPlatforms) = postSolution
		{B799EDF0-DC1F-409F-B153-2773D0925E63}.Ad-Hoc|iPhone.ActiveCfg = Ad-Hoc|iPhone
		{B799EDF0-DC1F-409F-B153-2773D0925E63}.Ad-Hoc|iPhone.Build.0 = Ad-Hoc|iPhone
		{B799EDF0-DC1F-409F-B153-2773D0925E63}.AppStore|iPhone.ActiveCfg = AppStore|iPhone
		{B799EDF0-DC1F-409F-B153-2773D0925E63}.AppStore|iPhone.Build.0 = AppStore|iPhone
		{B799EDF0-DC1F-409F-B153-2773D0925E63}.Debug|Any CPU.ActiveCfg = Debug|iPhoneSimulator
		{B799EDF0-DC1F-409F-B153-2773D0925E63}.Debug|Any CPU.Build.0 = Debug|iPhoneSimulator
		{B799EDF0-DC1F-409F-B153-2773D0925E63}.Debug|iPhone.ActiveCfg = Debug|iPhone
		{B799EDF0-DC1F-409F-B153-2773D0925E63}.Debug|iPhone.Build.0 = Debug|iPhone
		{B799EDF0-DC1F-409F-B153-2773D0925E63}.Debug|iPhoneSimulator.ActiveCfg = Debug|iPhoneSimulator
		{B799EDF0-DC1F-409F-B153-2773D0925E63}.Debug|iPhoneSimulator.Build.0 = Debug|iPhoneSimulator
		{B799EDF0-DC1F-409F-B153-2773D0925E63}.Release|Any CPU.ActiveCfg = Release|iPhoneSimulator
		{B799EDF0-DC1F-409F-B153-2773D0925E63}.Release|Any CPU.Build.0 = Release|iPhoneSimulator
		{B799EDF0-DC1F-409F-B153-2773D0925E63}.Release|iPhone.ActiveCfg = Release|iPhone
		{B799EDF0-DC1F-409F-B153-2773D0925E63}.Release|iPhone.Build.0 = Release|iPhone
		{B799EDF0-DC1F-409F-B153-2773D0925E63}.Release|iPhoneSimulator.ActiveCfg = Release|iPhoneSimulator
		{B799EDF0-DC1F-409F-B153-2773D0925E63}.Release|iPhoneSimulator.Build.0 = Release|iPhoneSimulator
		{FB28072F-9864-4634-BC36-916C67920742}.Ad-Hoc|iPhone.ActiveCfg = Debug|Any CPU
		{FB28072F-9864-4634-BC36-916C67920742}.Ad-Hoc|iPhone.Build.0 = Debug|Any CPU
		{FB28072F-9864-4634-BC36-916C67920742}.AppStore|iPhone.ActiveCfg = Debug|Any CPU
		{FB28072F-9864-4634-BC36-916C67920742}.AppStore|iPhone.Build.0 = Debug|Any CPU
		{FB28072F-9864-4634-BC36-916C67920742}.Debug|Any CPU.ActiveCfg = Debug|Any CPU
		{FB28072F-9864-4634-BC36-916C67920742}.Debug|Any CPU.Build.0 = Debug|Any CPU
		{FB28072F-9864-4634-BC36-916C67920742}.Debug|iPhone.ActiveCfg = Debug|Any CPU
		{FB28072F-9864-4634-BC36-916C67920742}.Debug|iPhone.Build.0 = Debug|Any CPU
		{FB28072F-9864-4634-BC36-916C67920742}.Debug|iPhoneSimulator.ActiveCfg = Debug|Any CPU
		{FB28072F-9864-4634-BC36-916C67920742}.Debug|iPhoneSimulator.Build.0 = Debug|Any CPU
		{FB28072F-9864-4634-BC36-916C67920742}.Release|Any CPU.ActiveCfg = Release|Any CPU
		{FB28072F-9864-4634-BC36-916C67920742}.Release|Any CPU.Build.0 = Release|Any CPU
		{FB28072F-9864-4634-BC36-916C67920742}.Release|iPhone.ActiveCfg = Release|Any CPU
		{FB28072F-9864-4634-BC36-916C67920742}.Release|iPhone.Build.0 = Release|Any CPU
		{FB28072F-9864-4634-BC36-916C67920742}.Release|iPhoneSimulator.ActiveCfg = Release|Any CPU
		{FB28072F-9864-4634-BC36-916C67920742}.Release|iPhoneSimulator.Build.0 = Release|Any CPU
	EndGlobalSection
	GlobalSection(NestedProjects) = preSolution
		{FB28072F-9864-4634-BC36-916C67920742} = {8BF8CB32-5A73-4FEF-80FC-1DB2E149A1D3}
		{B799EDF0-DC1F-409F-B153-2773D0925E63} = {392FC7B6-5856-45A6-839B-1F1823671745}
	EndGlobalSection
	GlobalSection(MonoDevelopProperties) = preSolution
		StartupItem = Playground\Sample.iOS\Sample.iOS.csproj
	EndGlobalSection
EndGlobal
